
Microsoft Visual Studio Solution File, Format Version 12.00
# Visual Studio Version 17
VisualStudioVersion = 17.4.33103.184
MinimumVisualStudioVersion = 10.0.40219.1
Project("{9A19103F-16F7-4668-BE54-9A1E7A4F7556}") = "TiendaServicio.Api.Autor", "TiendaServicio.Api.Autor\TiendaServicio.Api.Autor.csproj", "{EE945567-AC4F-4A93-B96D-3CDF9979E5B1}"
EndProject
Project("{9A19103F-16F7-4668-BE54-9A1E7A4F7556}") = "TiendaServicio.Api.Libro", "TiendaServicio.Api.Libro\TiendaServicio.Api.Libro.csproj", "{957AE612-5CD1-4042-9BF6-DB68B361782B}"
EndProject
Project("{FAE04EC0-301F-11D3-BF4B-00C04F79EFBC}") = "TiendaServicio.Api.CarritoCompra", "TiendaServicio.Api.CarritoCompra\TiendaServicio.Api.CarritoCompra.csproj", "{FF1DD9CE-B855-4865-999A-5B8C74094930}"
EndProject
Global
	GlobalSection(SolutionConfigurationPlatforms) = preSolution
		Debug|Any CPU = Debug|Any CPU
		Release|Any CPU = Release|Any CPU
	EndGlobalSection
	GlobalSection(ProjectConfigurationPlatforms) = postSolution
		{EE945567-AC4F-4A93-B96D-3CDF9979E5B1}.Debug|Any CPU.ActiveCfg = Debug|Any CPU
		{EE945567-AC4F-4A93-B96D-3CDF9979E5B1}.Debug|Any CPU.Build.0 = Debug|Any CPU
		{EE945567-AC4F-4A93-B96D-3CDF9979E5B1}.Release|Any CPU.ActiveCfg = Release|Any CPU
		{EE945567-AC4F-4A93-B96D-3CDF9979E5B1}.Release|Any CPU.Build.0 = Release|Any CPU
		{957AE612-5CD1-4042-9BF6-DB68B361782B}.Debug|Any CPU.ActiveCfg = Debug|Any CPU
		{957AE612-5CD1-4042-9BF6-DB68B361782B}.Debug|Any CPU.Build.0 = Debug|Any CPU
		{957AE612-5CD1-4042-9BF6-DB68B361782B}.Release|Any CPU.ActiveCfg = Release|Any CPU
		{957AE612-5CD1-4042-9BF6-DB68B361782B}.Release|Any CPU.Build.0 = Release|Any CPU
		{FF1DD9CE-B855-4865-999A-5B8C74094930}.Debug|Any CPU.ActiveCfg = Debug|Any CPU
		{FF1DD9CE-B855-4865-999A-5B8C74094930}.Debug|Any CPU.Build.0 = Debug|Any CPU
		{FF1DD9CE-B855-4865-999A-5B8C74094930}.Release|Any CPU.ActiveCfg = Release|Any CPU
		{FF1DD9CE-B855-4865-999A-5B8C74094930}.Release|Any CPU.Build.0 = Release|Any CPU
	EndGlobalSection
	GlobalSection(SolutionProperties) = preSolution
		HideSolutionNode = FALSE
	EndGlobalSection
	GlobalSection(ExtensibilityGlobals) = postSolution
		SolutionGuid = {C3523B47-E351-410D-B06F-05D67147C32A}
	EndGlobalSection
EndGlobal
